{
  "version": 4,
  "terraform_version": "0.12.15",
  "serial": 4,
  "lineage": "17a010fe-347c-77de-838c-8a9631533e68",
  "outputs": {},
  "resources": [
    {
      "module": "module.bucket",
      "mode": "managed",
      "type": "aws_s3_bucket",
      "name": "this",
      "provider": "provider.aws",
      "instances": [
        {
          "schema_version": 0,
          "attributes": {
            "acceleration_status": "",
            "acl": "private",
            "arn": "arn:aws:s3:::techtrilha-aws-terraform-remote-state-dev",
            "bucket": "techtrilha-aws-terraform-remote-state-dev",
            "bucket_domain_name": "techtrilha-aws-terraform-remote-state-dev.s3.amazonaws.com",
            "bucket_prefix": null,
            "bucket_regional_domain_name": "techtrilha-aws-terraform-remote-state-dev.s3.amazonaws.com",
            "cors_rule": [],
            "force_destroy": false,
            "hosted_zone_id": "Z3AQBSTGFYJSTF",
            "id": "techtrilha-aws-terraform-remote-state-dev",
            "lifecycle_rule": [],
            "logging": [],
            "object_lock_configuration": [],
            "policy": null,
            "region": "us-east-1",
            "replication_configuration": [],
            "request_payer": "BucketOwner",
            "server_side_encryption_configuration": [],
            "tags": {
              "Env": "dev",
              "Name": "Terraform Remote State"
            },
            "versioning": [
              {
                "enabled": true,
                "mfa_delete": false
              }
            ],
            "website": [],
            "website_domain": null,
            "website_endpoint": null
          }
        }
      ]
    }
  ]
}
